
Microsoft Visual Studio Solution File, Format Version 12.00
# Visual Studio Version 17
VisualStudioVersion = 17.7.34009.444
MinimumVisualStudioVersion = 10.0.40219.1
Project("{FAE04EC0-301F-11D3-BF4B-00C04F79EFBC}") = "SEBI_APIs", "SEBI_APIs\SEBI_APIs.csproj", "{B1DECD3E-D799-4AB8-A7F1-0E6EBC694E9F}"
EndProject
Global
	GlobalSection(SolutionConfigurationPlatforms) = preSolution
		Debug|Any CPU = Debug|Any CPU
		Release|Any CPU = Release|Any CPU
	EndGlobalSection
	GlobalSection(ProjectConfigurationPlatforms) = postSolution
		{B1DECD3E-D799-4AB8-A7F1-0E6EBC694E9F}.Debug|Any CPU.ActiveCfg = Debug|Any CPU
		{B1DECD3E-D799-4AB8-A7F1-0E6EBC694E9F}.Debug|Any CPU.Build.0 = Debug|Any CPU
		{B1DECD3E-D799-4AB8-A7F1-0E6EBC694E9F}.Release|Any CPU.ActiveCfg = Release|Any CPU
		{B1DECD3E-D799-4AB8-A7F1-0E6EBC694E9F}.Release|Any CPU.Build.0 = Release|Any CPU
	EndGlobalSection
	GlobalSection(SolutionProperties) = preSolution
		HideSolutionNode = FALSE
	EndGlobalSection
	GlobalSection(ExtensibilityGlobals) = postSolution
		SolutionGuid = {E0D28BFB-4091-4384-BC57-616063FFBBC6}
	EndGlobalSection
EndGlobal
